{
    "version": 3,
    "terraform_version": "0.11.2",
    "serial": 8,
    "lineage": "24a055e5-759f-4174-9f11-330d4b9bae20",
    "modules": [
        {
            "path": [
                "root"
            ],
            "outputs": {},
            "resources": {
                "aws_instance.zookeeper": {
                    "type": "aws_instance",
                    "depends_on": [
                        "aws_security_group.kafka_zookeeper",
                        "aws_subnet.zookeeper_1"
                    ],
                    "primary": {
                        "id": "i-0bab00cfc0540cef6",
                        "attributes": {
                            "ami": "ami-37df2255",
                            "associate_public_ip_address": "true",
                            "availability_zone": "ap-southeast-2b",
                            "disable_api_termination": "false",
                            "ebs_block_device.#": "0",
                            "ebs_optimized": "false",
                            "ephemeral_block_device.#": "0",
                            "iam_instance_profile": "",
                            "id": "i-0bab00cfc0540cef6",
                            "instance_state": "running",
                            "instance_type": "t2.medium",
                            "ipv6_addresses.#": "0",
                            "key_name": "kafka_zookeeper",
                            "monitoring": "false",
                            "network_interface.#": "0",
                            "network_interface_id": "eni-e19463cb",
                            "placement_group": "",
                            "primary_network_interface_id": "eni-e19463cb",
                            "private_dns": "ip-172-31-12-188.ap-southeast-2.compute.internal",
                            "private_ip": "172.31.12.188",
                            "public_dns": "",
                            "public_ip": "13.55.229.84",
                            "root_block_device.#": "1",
                            "root_block_device.0.delete_on_termination": "false",
                            "root_block_device.0.iops": "100",
                            "root_block_device.0.volume_id": "vol-02a35dc771bcd6dc0",
                            "root_block_device.0.volume_size": "8",
                            "root_block_device.0.volume_type": "gp2",
                            "security_groups.#": "0",
                            "source_dest_check": "true",
                            "subnet_id": "subnet-bfaa3fd8",
                            "tags.%": "1",
                            "tags.Name": "Zookeeper Server 1",
                            "tenancy": "default",
                            "volume_tags.%": "0",
                            "vpc_security_group_ids.#": "1",
                            "vpc_security_group_ids.3433000843": "sg-eebc5997"
                        },
                        "meta": {
                            "e2bfb730-ecaa-11e6-8f88-34363bc7c4c0": {
                                "create": 600000000000,
                                "delete": 600000000000,
                                "update": 600000000000
                            },
                            "schema_version": "1"
                        },
                        "tainted": false
                    },
                    "deposed": [],
                    "provider": "provider.aws"
                },
                "aws_security_group.kafka_zookeeper": {
                    "type": "aws_security_group",
                    "depends_on": [
                        "aws_vpc.zookeeper_vpc"
                    ],
                    "primary": {
                        "id": "sg-eebc5997",
                        "attributes": {
                            "description": "Security group for Kafka and Zookeeper Instances",
                            "egress.#": "0",
                            "id": "sg-eebc5997",
                            "ingress.#": "5",
                            "ingress.1161945294.cidr_blocks.#": "1",
                            "ingress.1161945294.cidr_blocks.0": "172.31.0.0/16",
                            "ingress.1161945294.description": "",
                            "ingress.1161945294.from_port": "2888",
                            "ingress.1161945294.ipv6_cidr_blocks.#": "0",
                            "ingress.1161945294.protocol": "tcp",
                            "ingress.1161945294.security_groups.#": "0",
                            "ingress.1161945294.self": "false",
                            "ingress.1161945294.to_port": "2888",
                            "ingress.2040044322.cidr_blocks.#": "1",
                            "ingress.2040044322.cidr_blocks.0": "0.0.0.0/0",
                            "ingress.2040044322.description": "",
                            "ingress.2040044322.from_port": "2181",
                            "ingress.2040044322.ipv6_cidr_blocks.#": "0",
                            "ingress.2040044322.protocol": "tcp",
                            "ingress.2040044322.security_groups.#": "0",
                            "ingress.2040044322.self": "false",
                            "ingress.2040044322.to_port": "2181",
                            "ingress.2541437006.cidr_blocks.#": "1",
                            "ingress.2541437006.cidr_blocks.0": "0.0.0.0/0",
                            "ingress.2541437006.description": "",
                            "ingress.2541437006.from_port": "22",
                            "ingress.2541437006.ipv6_cidr_blocks.#": "0",
                            "ingress.2541437006.protocol": "tcp",
                            "ingress.2541437006.security_groups.#": "0",
                            "ingress.2541437006.self": "false",
                            "ingress.2541437006.to_port": "22",
                            "ingress.3634413923.cidr_blocks.#": "1",
                            "ingress.3634413923.cidr_blocks.0": "172.31.0.0/16",
                            "ingress.3634413923.description": "",
                            "ingress.3634413923.from_port": "2181",
                            "ingress.3634413923.ipv6_cidr_blocks.#": "0",
                            "ingress.3634413923.protocol": "tcp",
                            "ingress.3634413923.security_groups.#": "0",
                            "ingress.3634413923.self": "false",
                            "ingress.3634413923.to_port": "2181",
                            "ingress.46426332.cidr_blocks.#": "1",
                            "ingress.46426332.cidr_blocks.0": "172.31.0.0/16",
                            "ingress.46426332.description": "",
                            "ingress.46426332.from_port": "3888",
                            "ingress.46426332.ipv6_cidr_blocks.#": "0",
                            "ingress.46426332.protocol": "tcp",
                            "ingress.46426332.security_groups.#": "0",
                            "ingress.46426332.self": "false",
                            "ingress.46426332.to_port": "3888",
                            "name": "kafka-zookeeper",
                            "owner_id": "438532805043",
                            "revoke_rules_on_delete": "false",
                            "tags.%": "1",
                            "tags.Name": "Zookeeper",
                            "vpc_id": "vpc-fa27e59d"
                        },
                        "meta": {
                            "schema_version": "1"
                        },
                        "tainted": false
                    },
                    "deposed": [],
                    "provider": "provider.aws"
                },
                "aws_subnet.zookeeper_1": {
                    "type": "aws_subnet",
                    "depends_on": [
                        "aws_vpc.zookeeper_vpc"
                    ],
                    "primary": {
                        "id": "subnet-bfaa3fd8",
                        "attributes": {
                            "assign_ipv6_address_on_creation": "false",
                            "availability_zone": "ap-southeast-2b",
                            "cidr_block": "172.31.0.0/20",
                            "id": "subnet-bfaa3fd8",
                            "map_public_ip_on_launch": "false",
                            "tags.%": "0",
                            "vpc_id": "vpc-fa27e59d"
                        },
                        "meta": {
                            "schema_version": "1"
                        },
                        "tainted": false
                    },
                    "deposed": [],
                    "provider": "provider.aws"
                },
                "aws_vpc.zookeeper_vpc": {
                    "type": "aws_vpc",
                    "depends_on": [],
                    "primary": {
                        "id": "vpc-fa27e59d",
                        "attributes": {
                            "assign_generated_ipv6_cidr_block": "false",
                            "cidr_block": "172.31.0.0/16",
                            "default_network_acl_id": "acl-5962053e",
                            "default_route_table_id": "rtb-774e3610",
                            "default_security_group_id": "sg-04b0557d",
                            "dhcp_options_id": "dopt-95eba3f0",
                            "enable_classiclink": "false",
                            "enable_classiclink_dns_support": "false",
                            "enable_dns_hostnames": "true",
                            "enable_dns_support": "true",
                            "id": "vpc-fa27e59d",
                            "instance_tenancy": "default",
                            "main_route_table_id": "rtb-774e3610",
                            "tags.%": "1",
                            "tags.Name": "zookeeper"
                        },
                        "meta": {
                            "schema_version": "1"
                        },
                        "tainted": false
                    },
                    "deposed": [],
                    "provider": "provider.aws"
                }
            },
            "depends_on": []
        }
    ]
}
